
Microsoft Visual Studio Solution File, Format Version 12.00
# Visual Studio Version 17
VisualStudioVersion = 17.11.35327.3
MinimumVisualStudioVersion = 10.0.40219.1
Project("{9A19103F-16F7-4668-BE54-9A1E7A4F7556}") = "ConsoleBankoApp", "ConsoleBankoApp.csproj", "{588AD2CF-8046-44E7-9DFB-8163CF21BFF9}"
EndProject
Global
	GlobalSection(SolutionConfigurationPlatforms) = preSolution
		Debug|Any CPU = Debug|Any CPU
		Debug|ARM64 = Debug|ARM64
		Release|Any CPU = Release|Any CPU
		Release|ARM64 = Release|ARM64
	EndGlobalSection
	GlobalSection(ProjectConfigurationPlatforms) = postSolution
		{588AD2CF-8046-44E7-9DFB-8163CF21BFF9}.Debug|Any CPU.ActiveCfg = Debug|Any CPU
		{588AD2CF-8046-44E7-9DFB-8163CF21BFF9}.Debug|Any CPU.Build.0 = Debug|Any CPU
		{588AD2CF-8046-44E7-9DFB-8163CF21BFF9}.Debug|ARM64.ActiveCfg = Debug|ARM64
		{588AD2CF-8046-44E7-9DFB-8163CF21BFF9}.Debug|ARM64.Build.0 = Debug|ARM64
		{588AD2CF-8046-44E7-9DFB-8163CF21BFF9}.Release|Any CPU.ActiveCfg = Release|Any CPU
		{588AD2CF-8046-44E7-9DFB-8163CF21BFF9}.Release|Any CPU.Build.0 = Release|Any CPU
		{588AD2CF-8046-44E7-9DFB-8163CF21BFF9}.Release|ARM64.ActiveCfg = Release|ARM64
		{588AD2CF-8046-44E7-9DFB-8163CF21BFF9}.Release|ARM64.Build.0 = Release|ARM64
	EndGlobalSection
	GlobalSection(SolutionProperties) = preSolution
		HideSolutionNode = FALSE
	EndGlobalSection
	GlobalSection(ExtensibilityGlobals) = postSolution
		SolutionGuid = {D96D4C4C-F9BF-4269-BD1A-099F9C228667}
	EndGlobalSection
EndGlobal
